
Microsoft Visual Studio Solution File, Format Version 12.00
# Visual Studio Version 17
VisualStudioVersion = 17.8.34511.84
MinimumVisualStudioVersion = 10.0.40219.1
Project("{FAE04EC0-301F-11D3-BF4B-00C04F79EFBC}") = "TASK C#", "TASK C#\TASK C#.csproj", "{F7CC4BF9-4AE1-4BD0-A518-A700B9597B59}"
EndProject
Global
	GlobalSection(SolutionConfigurationPlatforms) = preSolution
		Debug|Any CPU = Debug|Any CPU
		Release|Any CPU = Release|Any CPU
	EndGlobalSection
	GlobalSection(ProjectConfigurationPlatforms) = postSolution
		{F7CC4BF9-4AE1-4BD0-A518-A700B9597B59}.Debug|Any CPU.ActiveCfg = Debug|Any CPU
		{F7CC4BF9-4AE1-4BD0-A518-A700B9597B59}.Debug|Any CPU.Build.0 = Debug|Any CPU
		{F7CC4BF9-4AE1-4BD0-A518-A700B9597B59}.Release|Any CPU.ActiveCfg = Release|Any CPU
		{F7CC4BF9-4AE1-4BD0-A518-A700B9597B59}.Release|Any CPU.Build.0 = Release|Any CPU
	EndGlobalSection
	GlobalSection(SolutionProperties) = preSolution
		HideSolutionNode = FALSE
	EndGlobalSection
	GlobalSection(ExtensibilityGlobals) = postSolution
		SolutionGuid = {65656ED2-B8FD-4AD9-954F-27F2A9563DAB}
	EndGlobalSection
EndGlobal
